// !$*UTF8*$!
{
	archiveVersion = 1;
	classes = {
	};
	objectVersion = 48;
	objects = {

/* Begin PBXBuildFile section */
		449D07AB1F8A89AA008ED0A8 /* AppDelegate.swift in Sources */ = {isa = PBXBuildFile; fileRef = 449D07AA1F8A89AA008ED0A8 /* AppDelegate.swift */; };
		449D07AD1F8A89AA008ED0A8 /* ViewController.swift in Sources */ = {isa = PBXBuildFile; fileRef = 449D07AC1F8A89AA008ED0A8 /* ViewController.swift */; };
		449D07B01F8A89AA008ED0A8 /* Main.storyboard in Resources */ = {isa = PBXBuildFile; fileRef = 449D07AE1F8A89AA008ED0A8 /* Main.storyboard */; };
		449D07B21F8A89AA008ED0A8 /* Assets.xcassets in Resources */ = {isa = PBXBuildFile; fileRef = 449D07B11F8A89AA008ED0A8 /* Assets.xcassets */; };
		449D07B51F8A89AA008ED0A8 /* LaunchScreen.storyboard in Resources */ = {isa = PBXBuildFile; fileRef = 449D07B31F8A89AA008ED0A8 /* LaunchScreen.storyboard */; };
/* End PBXBuildFile section */

/* Begin PBXFileReference section */
		449D07A71F8A89AA008ED0A8 /* ClarifaiCam.app */ = {isa = PBXFileReference; explicitFileType = wrapper.application; includeInIndex = 0; path = ClarifaiCam.app; sourceTree = BUILT_PRODUCTS_DIR; };
		449D07AA1F8A89AA008ED0A8 /* AppDelegate.swift */ = {isa = PBXFileReference; lastKnownFileType = sourcecode.swift; path = AppDelegate.swift; sourceTree = "<group>"; };
		449D07AC1F8A89AA008ED0A8 /* ViewController.swift */ = {isa = PBXFileReference; lastKnownFileType = sourcecode.swift; path = ViewController.swift; sourceTree = "<group>"; };
		449D07AF1F8A89AA008ED0A8 /* Base */ = {isa = PBXFileReference; lastKnownFileType = file.storyboard; name = Base; path = Base.lproj/Main.storyboard; sourceTree = "<group>"; };
		449D07B11F8A89AA008ED0A8 /* Assets.xcassets */ = {isa = PBXFileReference; lastKnownFileType = folder.assetcatalog; path = Assets.xcassets; sourceTree = "<group>"; };
		449D07B41F8A89AA008ED0A8 /* Base */ = {isa = PBXFileReference; lastKnownFileType = file.storyboard; name = Base; path = Base.lproj/LaunchScreen.storyboard; sourceTree = "<group>"; };
		449D07B61F8A89AA008ED0A8 /* Info.plist */ = {isa = PBXFileReference; lastKnownFileType = text.plist.xml; path = Info.plist; sourceTree = "<group>"; };
/* End PBXFileReference section */

/* Begin PBXFrameworksBuildPhase section */
		449D07A41F8A89AA008ED0A8 /* Frameworks */ = {
			isa = PBXFrameworksBuildPhase;
			buildActionMask = 2147483647;
			files = (
			);
			runOnlyForDeploymentPostprocessing = 0;
		};
/* End PBXFrameworksBuildPhase section */

/* Begin PBXGroup section */
		449D079E1F8A89AA008ED0A8 = {
			isa = PBXGroup;
			children = (
				449D07A91F8A89AA008ED0A8 /* ClarifaiCam */,
				449D07A81F8A89AA008ED0A8 /* Products */,
			);
			sourceTree = "<group>";
		};
		449D07A81F8A89AA008ED0A8 /* Products */ = {
			isa = PBXGroup;
			children = (
				449D07A71F8A89AA008ED0A8 /* ClarifaiCam.app */,
			);
			name = Products;
			sourceTree = "<group>";
		};
		449D07A91F8A89AA008ED0A8 /* ClarifaiCam */ = {
			isa = PBXGroup;
			children = (
				449D07AA1F8A89AA008ED0A8 /* AppDelegate.swift */,
				449D07AC1F8A89AA008ED0A8 /* ViewController.swift */,
				449D07AE1F8A89AA008ED0A8 /* Main.storyboard */,
				449D07B11F8A89AA008ED0A8 /* Assets.xcassets */,
				449D07B31F8A89AA008ED0A8 /* LaunchScreen.storyboard */,
				449D07B61F8A89AA008ED0A8 /* Info.plist */,
			);
			path = ClarifaiCam;
			sourceTree = "<group>";
		};
/* End PBXGroup section */

/* Begin PBXNativeTarget section */
		449D07A61F8A89AA008ED0A8 /* ClarifaiCam */ = {
			isa = PBXNativeTarget;
			buildConfigurationList = 449D07B91F8A89AA008ED0A8 /* Build configuration list for PBXNativeTarget "ClarifaiCam" */;
			buildPhases = (
				449D07A31F8A89AA008ED0A8 /* Sources */,
				449D07A41F8A89AA008ED0A8 /* Frameworks */,
				449D07A51F8A89AA008ED0A8 /* Resources */,
			);
			buildRules = (
			);
			dependencies = (
			);
			name = ClarifaiCam;
			productName = ClarifaiCam;
			productReference = 449D07A71F8A89AA008ED0A8 /* ClarifaiCam.app */;
			productType = "com.apple.product-type.application";
		};
/* End PBXNativeTarget section */

/* Begin PBXProject section */
		449D079F1F8A89AA008ED0A8 /* Project object */ = {
			isa = PBXProject;
			attributes = {
				LastSwiftUpdateCheck = 0900;
				LastUpgradeCheck = 0900;
				ORGANIZATIONNAME = "Elizabeth Siegle";
				TargetAttributes = {
					449D07A61F8A89AA008ED0A8 = {
						CreatedOnToolsVersion = 9.0;
						ProvisioningStyle = Automatic;
					};
				};
			};
			buildConfigurationList = 449D07A21F8A89AA008ED0A8 /* Build configuration list for PBXProject "ClarifaiCam" */;
			compatibilityVersion = "Xcode 8.0";
			developmentRegion = en;
			hasScannedForEncodings = 0;
			knownRegions = (
				en,
				Base,
			);
			mainGroup = 449D079E1F8A89AA008ED0A8;
			productRefGroup = 449D07A81F8A89AA008ED0A8 /* Products */;
			projectDirPath = "";
			projectRoot = "";
			targets = (
				449D07A61F8A89AA008ED0A8 /* ClarifaiCam */,
			);
		};
/* End PBXProject section */

/* Begin PBXResourcesBuildPhase section */
		449D07A51F8A89AA008ED0A8 /* Resources */ = {
			isa = PBXResourcesBuildPhase;
			buildActionMask = 2147483647;
			files = (
				449D07B51F8A89AA008ED0A8 /* LaunchScreen.storyboard in Resources */,
				449D07B21F8A89AA008ED0A8 /* Assets.xcassets in Resources */,
				449D07B01F8A89AA008ED0A8 /* Main.storyboard in Resources */,
			);
			runOnlyForDeploymentPostprocessing = 0;
		};
/* End PBXResourcesBuildPhase section */

/* Begin PBXSourcesBuildPhase section */
		449D07A31F8A89AA008ED0A8 /* Sources */ = {
			isa = PBXSourcesBuildPhase;
			buildActionMask = 2147483647;
			files = (
				449D07AD1F8A89AA008ED0A8 /* ViewController.swift in Sources */,
				449D07AB1F8A89AA008ED0A8 /* AppDelegate.swift in Sources */,
			);
			runOnlyForDeploymentPostprocessing = 0;
		};
/* End PBXSourcesBuildPhase section */

/* Begin PBXVariantGroup section */
		449D07AE1F8A89AA008ED0A8 /* Main.storyboard */ = {
			isa = PBXVariantGroup;
			children = (
				449D07AF1F8A89AA008ED0A8 /* Base */,
			);
			name = Main.storyboard;
			sourceTree = "<group>";
		};
		449D07B31F8A89AA008ED0A8 /* LaunchScreen.storyboard */ = {
			isa = PBXVariantGroup;
			children = (
				449D07B41F8A89AA008ED0A8 /* Base */,
			);
			name = LaunchScreen.storyboard;
			sourceTree = "<group>";
		};
/* End PBXVariantGroup section */

/* Begin XCBuildConfiguration section */
		449D07B71F8A89AA008ED0A8 /* Debug */ = {
			isa = XCBuildConfiguration;
			buildSettings = {
				ALWAYS_SEARCH_USER_PATHS = NO;
				CLANG_ANALYZER_NONNULL = YES;
				CLANG_ANALYZER_NUMBER_OBJECT_CONVERSION = YES_AGGRESSIVE;
				CLANG_CXX_LANGUAGE_STANDARD = "gnu++14";
				CLANG_CXX_LIBRARY = "libc++";
				CLANG_ENABLE_MODULES = YES;
				CLANG_ENABLE_OBJC_ARC = YES;
				CLANG_WARN_BLOCK_CAPTURE_AUTORELEASING = YES;
				CLANG_WARN_BOOL_CONVERSION = YES;
				CLANG_WARN_COMMA = YES;
				CLANG_WARN_CONSTANT_CONVERSION = YES;
				CLANG_WARN_DIRECT_OBJC_ISA_USAGE = YES_ERROR;
				CLANG_WARN_DOCUMENTATION_COMMENTS = YES;
				CLANG_WARN_EMPTY_BODY = YES;
				CLANG_WARN_ENUM_CONVERSION = YES;
				CLANG_WARN_INFINITE_RECURSION = YES;
				CLANG_WARN_INT_CONVERSION = YES;
				CLANG_WARN_NON_LITERAL_NULL_CONVERSION = YES;
				CLANG_WARN_OBJC_LITERAL_CONVERSION = YES;
				CLANG_WARN_OBJC_ROOT_CLASS = YES_ERROR;
				CLANG_WARN_RANGE_LOOP_ANALYSIS = YES;
				CLANG_WARN_STRICT_PROTOTYPES = YES;
				CLANG_WARN_SUSPICIOUS_MOVE = YES;
				CLANG_WARN_UNGUARDED_AVAILABILITY = YES_AGGRESSIVE;
				CLANG_WARN_UNREACHABLE_CODE = YES;
				CLANG_WARN__DUPLICATE_METHOD_MATCH = YES;
				CODE_SIGN_IDENTITY = "iPhone Developer";
				COPY_PHASE_STRIP = NO;
				DEBUG_INFORMATION_FORMAT = dwarf;
				ENABLE_STRICT_OBJC_MSGSEND = YES;
				ENABLE_TESTABILITY = YES;
				GCC_C_LANGUAGE_STANDARD = gnu11;
				GCC_DYNAMIC_NO_PIC = NO;
				GCC_NO_COMMON_BLOCKS = YES;
				GCC_OPTIMIZATION_LEVEL = 0;
				GCC_PREPROCESSOR_DEFINITIONS = (
					"DEBUG=1",
					"$(inherited)",
				);
				GCC_WARN_64_TO_32_BIT_CONVERSION = YES;
				GCC_WARN_ABOUT_RETURN_TYPE = YES_ERROR;
				GCC_WARN_UNDECLARED_SELECTOR = YES;
				GCC_WARN_UNINITIALIZED_AUTOS = YES_AGGRESSIVE;
				GCC_WARN_UNUSED_FUNCTION = YES;
				GCC_WARN_UNUSED_VARIABLE = YES;
				IPHONEOS_DEPLOYMENT_TARGET = 11.0;
				MTL_ENABLE_DEBUG_INFO = YES;
				ONLY_ACTIVE_ARCH = YES;
				SDKROOT = iphoneos;
				SWIFT_ACTIVE_COMPILATION_CONDITIONS = DEBUG;
				SWIFT_OPTIMIZATION_LEVEL = "-Onone";
			};
			name = Debug;
		};
		449D07B81F8A89AA008ED0A8 /* Release */ = {
			isa = XCBuildConfiguration;
			buildSettings = {
				ALWAYS_SEARCH_USER_PATHS = NO;
				CLANG_ANALYZER_NONNULL = YES;
				CLANG_ANALYZER_NUMBER_OBJECT_CONVERSION = YES_AGGRESSIVE;
				CLANG_CXX_LANGUAGE_STANDARD = "gnu++14";
				CLANG_CXX_LIBRARY = "libc++";
				CLANG_ENABLE_MODULES = YES;
				CLANG_ENABLE_OBJC_ARC = YES;
				CLANG_WARN_BLOCK_CAPTURE_AUTORELEASING = YES;
				CLANG_WARN_BOOL_CONVERSION = YES;
				CLANG_WARN_COMMA = YES;
				CLANG_WARN_CONSTANT_CONVERSION = YES;
				CLANG_WARN_DIRECT_OBJC_ISA_USAGE = YES_ERROR;
				CLANG_WARN_DOCUMENTATION_COMMENTS = YES;
				CLANG_WARN_EMPTY_BODY = YES;
				CLANG_WARN_ENUM_CONVERSION = YES;
				CLANG_WARN_INFINITE_RECURSION = YES;
				CLANG_WARN_INT_CONVERSION = YES;
				CLANG_WARN_NON_LITERAL_NULL_CONVERSION = YES;
				CLANG_WARN_OBJC_LITERAL_CONVERSION = YES;
				CLANG_WARN_OBJC_ROOT_CLASS = YES_ERROR;
				CLANG_WARN_RANGE_LOOP_ANALYSIS = YES;
				CLANG_WARN_STRICT_PROTOTYPES = YES;
				CLANG_WARN_SUSPICIOUS_MOVE = YES;
				CLANG_WARN_UNGUARDED_AVAILABILITY = YES_AGGRESSIVE;
				CLANG_WARN_UNREACHABLE_CODE = YES;
				CLANG_WARN__DUPLICATE_METHOD_MATCH = YES;
				CODE_SIGN_IDENTITY = "iPhone Developer";
				COPY_PHASE_STRIP = NO;
				DEBUG_INFORMATION_FORMAT = "dwarf-with-dsym";
				ENABLE_NS_ASSERTIONS = NO;
				ENABLE_STRICT_OBJC_MSGSEND = YES;
				GCC_C_LANGUAGE_STANDARD = gnu11;
				GCC_NO_COMMON_BLOCKS = YES;
				GCC_WARN_64_TO_32_BIT_CONVERSION = YES;
				GCC_WARN_ABOUT_RETURN_TYPE = YES_ERROR;
				GCC_WARN_UNDECLARED_SELECTOR = YES;
				GCC_WARN_UNINITIALIZED_AUTOS = YES_AGGRESSIVE;
				GCC_WARN_UNUSED_FUNCTION = YES;
				GCC_WARN_UNUSED_VARIABLE = YES;
				IPHONEOS_DEPLOYMENT_TARGET = 11.0;
				MTL_ENABLE_DEBUG_INFO = NO;
				SDKROOT = iphoneos;
				SWIFT_OPTIMIZATION_LEVEL = "-Owholemodule";
				VALIDATE_PRODUCT = YES;
			};
			name = Release;
		};
		449D07BA1F8A89AA008ED0A8 /* Debug */ = {
			isa = XCBuildConfiguration;
			buildSettings = {
				ASSETCATALOG_COMPILER_APPICON_NAME = AppIcon;
				CODE_SIGN_STYLE = Automatic;
				DEVELOPMENT_TEAM = 6NUB37727Z;
				INFOPLIST_FILE = ClarifaiCam/Info.plist;
				LD_RUNPATH_SEARCH_PATHS = "$(inherited) @executable_path/Frameworks";
				PRODUCT_BUNDLE_IDENTIFIER = lsie.ClarifaiCam;
				PRODUCT_NAME = "$(TARGET_NAME)";
				SWIFT_VERSION = 4.0;
				TARGETED_DEVICE_FAMILY = "1,2";
			};
			name = Debug;
		};
		449D07BB1F8A89AA008ED0A8 /* Release */ = {
			isa = XCBuildConfiguration;
			buildSettings = {
				ASSETCATALOG_COMPILER_APPICON_NAME = AppIcon;
				CODE_SIGN_STYLE = Automatic;
				DEVELOPMENT_TEAM = 6NUB37727Z;
				INFOPLIST_FILE = ClarifaiCam/Info.plist;
				LD_RUNPATH_SEARCH_PATHS = "$(inherited) @executable_path/Frameworks";
				PRODUCT_BUNDLE_IDENTIFIER = lsie.ClarifaiCam;
				PRODUCT_NAME = "$(TARGET_NAME)";
				SWIFT_VERSION = 4.0;
				TARGETED_DEVICE_FAMILY = "1,2";
			};
			name = Release;
		};
/* End XCBuildConfiguration section */

/* Begin XCConfigurationList section */
		449D07A21F8A89AA008ED0A8 /* Build configuration list for PBXProject "ClarifaiCam" */ = {
			isa = XCConfigurationList;
			buildConfigurations = (
				449D07B71F8A89AA008ED0A8 /* Debug */,
				449D07B81F8A89AA008ED0A8 /* Release */,
			);
			defaultConfigurationIsVisible = 0;
			defaultConfigurationName = Release;
		};
		449D07B91F8A89AA008ED0A8 /* Build configuration list for PBXNativeTarget "ClarifaiCam" */ = {
			isa = XCConfigurationList;
			buildConfigurations = (
				449D07BA1F8A89AA008ED0A8 /* Debug */,
				449D07BB1F8A89AA008ED0A8 /* Release */,
			);
			defaultConfigurationIsVisible = 0;
			defaultConfigurationName = Release;
		};
/* End XCConfigurationList section */
	};
	rootObject = 449D079F1F8A89AA008ED0A8 /* Project object */;
}
